
Microsoft Visual Studio Solution File, Format Version 12.00
# Visual Studio 15
VisualStudioVersion = 15.0.28307.271
MinimumVisualStudioVersion = 10.0.40219.1
Project("{FAE04EC0-301F-11D3-BF4B-00C04F79EFBC}") = "project1", "project1\project1.csproj", "{EF9A5E18-26D0-4779-8006-0F8585422593}"
EndProject
Project("{FAE04EC0-301F-11D3-BF4B-00C04F79EFBC}") = "task2", "task2\task2.csproj", "{299F9147-C5FA-4F7C-A95F-A40C1B226435}"
EndProject
Project("{FAE04EC0-301F-11D3-BF4B-00C04F79EFBC}") = "task4", "task3\task4.csproj", "{66C0B42E-9E16-47CF-AD91-6F534E12168D}"
EndProject
Project("{FAE04EC0-301F-11D3-BF4B-00C04F79EFBC}") = "task3", "task4\task3.csproj", "{7B93EA8D-4E99-4B46-88CB-B750580951E4}"
EndProject
Global
	GlobalSection(SolutionConfigurationPlatforms) = preSolution
		Debug|Any CPU = Debug|Any CPU
		Release|Any CPU = Release|Any CPU
	EndGlobalSection
	GlobalSection(ProjectConfigurationPlatforms) = postSolution
		{EF9A5E18-26D0-4779-8006-0F8585422593}.Debug|Any CPU.ActiveCfg = Debug|Any CPU
		{EF9A5E18-26D0-4779-8006-0F8585422593}.Debug|Any CPU.Build.0 = Debug|Any CPU
		{EF9A5E18-26D0-4779-8006-0F8585422593}.Release|Any CPU.ActiveCfg = Release|Any CPU
		{EF9A5E18-26D0-4779-8006-0F8585422593}.Release|Any CPU.Build.0 = Release|Any CPU
		{299F9147-C5FA-4F7C-A95F-A40C1B226435}.Debug|Any CPU.ActiveCfg = Debug|Any CPU
		{299F9147-C5FA-4F7C-A95F-A40C1B226435}.Debug|Any CPU.Build.0 = Debug|Any CPU
		{299F9147-C5FA-4F7C-A95F-A40C1B226435}.Release|Any CPU.ActiveCfg = Release|Any CPU
		{299F9147-C5FA-4F7C-A95F-A40C1B226435}.Release|Any CPU.Build.0 = Release|Any CPU
		{66C0B42E-9E16-47CF-AD91-6F534E12168D}.Debug|Any CPU.ActiveCfg = Debug|Any CPU
		{66C0B42E-9E16-47CF-AD91-6F534E12168D}.Debug|Any CPU.Build.0 = Debug|Any CPU
		{66C0B42E-9E16-47CF-AD91-6F534E12168D}.Release|Any CPU.ActiveCfg = Release|Any CPU
		{66C0B42E-9E16-47CF-AD91-6F534E12168D}.Release|Any CPU.Build.0 = Release|Any CPU
		{7B93EA8D-4E99-4B46-88CB-B750580951E4}.Debug|Any CPU.ActiveCfg = Debug|Any CPU
		{7B93EA8D-4E99-4B46-88CB-B750580951E4}.Debug|Any CPU.Build.0 = Debug|Any CPU
		{7B93EA8D-4E99-4B46-88CB-B750580951E4}.Release|Any CPU.ActiveCfg = Release|Any CPU
		{7B93EA8D-4E99-4B46-88CB-B750580951E4}.Release|Any CPU.Build.0 = Release|Any CPU
	EndGlobalSection
	GlobalSection(SolutionProperties) = preSolution
		HideSolutionNode = FALSE
	EndGlobalSection
	GlobalSection(ExtensibilityGlobals) = postSolution
		SolutionGuid = {5857E580-6ABE-48EB-881D-3471C6F070BF}
	EndGlobalSection
EndGlobal
